
Microsoft Visual Studio Solution File, Format Version 12.00
# Visual Studio Version 16
VisualStudioVersion = 16.0.31306.274
MinimumVisualStudioVersion = 10.0.40219.1
Project("{8BC9CEB8-8B4A-11D0-8D11-00A0C91BC942}") = "3_J", "3_J\3_J.vcxproj", "{318CE1AB-6071-41D1-B637-ED5F231AC882}"
EndProject
Global
	GlobalSection(SolutionConfigurationPlatforms) = preSolution
		Debug|x64 = Debug|x64
		Debug|x86 = Debug|x86
		Release|x64 = Release|x64
		Release|x86 = Release|x86
	EndGlobalSection
	GlobalSection(ProjectConfigurationPlatforms) = postSolution
		{318CE1AB-6071-41D1-B637-ED5F231AC882}.Debug|x64.ActiveCfg = Debug|x64
		{318CE1AB-6071-41D1-B637-ED5F231AC882}.Debug|x64.Build.0 = Debug|x64
		{318CE1AB-6071-41D1-B637-ED5F231AC882}.Debug|x86.ActiveCfg = Debug|Win32
		{318CE1AB-6071-41D1-B637-ED5F231AC882}.Debug|x86.Build.0 = Debug|Win32
		{318CE1AB-6071-41D1-B637-ED5F231AC882}.Release|x64.ActiveCfg = Release|x64
		{318CE1AB-6071-41D1-B637-ED5F231AC882}.Release|x64.Build.0 = Release|x64
		{318CE1AB-6071-41D1-B637-ED5F231AC882}.Release|x86.ActiveCfg = Release|Win32
		{318CE1AB-6071-41D1-B637-ED5F231AC882}.Release|x86.Build.0 = Release|Win32
	EndGlobalSection
	GlobalSection(SolutionProperties) = preSolution
		HideSolutionNode = FALSE
	EndGlobalSection
	GlobalSection(ExtensibilityGlobals) = postSolution
		SolutionGuid = {7DA72B1C-9A6B-401C-8815-E643636204DC}
	EndGlobalSection
EndGlobal
